Microsoft Visual Studio Solution File, Format Version 12.00
# Visual Studio Version 17
VisualStudioVersion = 17.5.2.0
MinimumVisualStudioVersion = 10.0.40219.1
Project("{FAE04EC0-301F-11D3-BF4B-00C04F79EFBC}") = "Sandqvist", "Sandqvist.csproj", "{7CAB47A8-B69E-5AF4-A520-91F2271F8A8A}"
EndProject
Global
	GlobalSection(SolutionConfigurationPlatforms) = preSolution
		Debug|Any CPU = Debug|Any CPU
		Release|Any CPU = Release|Any CPU
	EndGlobalSection
	GlobalSection(ProjectConfigurationPlatforms) = postSolution
		{7CAB47A8-B69E-5AF4-A520-91F2271F8A8A}.Debug|Any CPU.ActiveCfg = Debug|Any CPU
		{7CAB47A8-B69E-5AF4-A520-91F2271F8A8A}.Debug|Any CPU.Build.0 = Debug|Any CPU
		{7CAB47A8-B69E-5AF4-A520-91F2271F8A8A}.Release|Any CPU.ActiveCfg = Release|Any CPU
		{7CAB47A8-B69E-5AF4-A520-91F2271F8A8A}.Release|Any CPU.Build.0 = Release|Any CPU
	EndGlobalSection
	GlobalSection(SolutionProperties) = preSolution
		HideSolutionNode = FALSE
	EndGlobalSection
	GlobalSection(ExtensibilityGlobals) = postSolution
		SolutionGuid = {21897BF5-1D4F-4C96-8429-C049CD49D5A7}
	EndGlobalSection
EndGlobal
